// !$*UTF8*$!
{
	archiveVersion = 1;
	classes = {
	};
	objectVersion = 48;
	objects = {

/* Begin PBXBuildFile section */
		DE97BC8E2054EE1000CFDB0D /* AppDelegate.swift in Sources */ = {isa = PBXBuildFile; fileRef = DE97BC8D2054EE1000CFDB0D /* AppDelegate.swift */; };
		DE97BC902054EE1000CFDB0D /* ViewController.swift in Sources */ = {isa = PBXBuildFile; fileRef = DE97BC8F2054EE1000CFDB0D /* ViewController.swift */; };
		DE97BC932054EE1000CFDB0D /* Main.storyboard in Resources */ = {isa = PBXBuildFile; fileRef = DE97BC912054EE1000CFDB0D /* Main.storyboard */; };
		DE97BC952054EE1000CFDB0D /* Assets.xcassets in Resources */ = {isa = PBXBuildFile; fileRef = DE97BC942054EE1000CFDB0D /* Assets.xcassets */; };
		DE97BC982054EE1000CFDB0D /* LaunchScreen.storyboard in Resources */ = {isa = PBXBuildFile; fileRef = DE97BC962054EE1000CFDB0D /* LaunchScreen.storyboard */; };
		DE97BCA32054EE1000CFDB0D /* SkyWriterTests.swift in Sources */ = {isa = PBXBuildFile; fileRef = DE97BCA22054EE1000CFDB0D /* SkyWriterTests.swift */; };
		DE97BCAE2054EE1000CFDB0D /* SkyWriterUITests.swift in Sources */ = {isa = PBXBuildFile; fileRef = DE97BCAD2054EE1000CFDB0D /* SkyWriterUITests.swift */; };
/* End PBXBuildFile section */

/* Begin PBXContainerItemProxy section */
		DE97BC9F2054EE1000CFDB0D /* PBXContainerItemProxy */ = {
			isa = PBXContainerItemProxy;
			containerPortal = DE97BC822054EE1000CFDB0D /* Project object */;
			proxyType = 1;
			remoteGlobalIDString = DE97BC892054EE1000CFDB0D;
			remoteInfo = SkyWriter;
		};
		DE97BCAA2054EE1000CFDB0D /* PBXContainerItemProxy */ = {
			isa = PBXContainerItemProxy;
			containerPortal = DE97BC822054EE1000CFDB0D /* Project object */;
			proxyType = 1;
			remoteGlobalIDString = DE97BC892054EE1000CFDB0D;
			remoteInfo = SkyWriter;
		};
/* End PBXContainerItemProxy section */

/* Begin PBXFileReference section */
		DE97BC8A2054EE1000CFDB0D /* SkyWriter.app */ = {isa = PBXFileReference; explicitFileType = wrapper.application; includeInIndex = 0; path = SkyWriter.app; sourceTree = BUILT_PRODUCTS_DIR; };
		DE97BC8D2054EE1000CFDB0D /* AppDelegate.swift */ = {isa = PBXFileReference; lastKnownFileType = sourcecode.swift; path = AppDelegate.swift; sourceTree = "<group>"; };
		DE97BC8F2054EE1000CFDB0D /* ViewController.swift */ = {isa = PBXFileReference; lastKnownFileType = sourcecode.swift; path = ViewController.swift; sourceTree = "<group>"; };
		DE97BC922054EE1000CFDB0D /* Base */ = {isa = PBXFileReference; lastKnownFileType = file.storyboard; name = Base; path = Base.lproj/Main.storyboard; sourceTree = "<group>"; };
		DE97BC942054EE1000CFDB0D /* Assets.xcassets */ = {isa = PBXFileReference; lastKnownFileType = folder.assetcatalog; path = Assets.xcassets; sourceTree = "<group>"; };
		DE97BC972054EE1000CFDB0D /* Base */ = {isa = PBXFileReference; lastKnownFileType = file.storyboard; name = Base; path = Base.lproj/LaunchScreen.storyboard; sourceTree = "<group>"; };
		DE97BC992054EE1000CFDB0D /* Info.plist */ = {isa = PBXFileReference; lastKnownFileType = text.plist.xml; path = Info.plist; sourceTree = "<group>"; };
		DE97BC9E2054EE1000CFDB0D /* SkyWriterTests.xctest */ = {isa = PBXFileReference; explicitFileType = wrapper.cfbundle; includeInIndex = 0; path = SkyWriterTests.xctest; sourceTree = BUILT_PRODUCTS_DIR; };
		DE97BCA22054EE1000CFDB0D /* SkyWriterTests.swift */ = {isa = PBXFileReference; lastKnownFileType = sourcecode.swift; path = SkyWriterTests.swift; sourceTree = "<group>"; };
		DE97BCA42054EE1000CFDB0D /* Info.plist */ = {isa = PBXFileReference; lastKnownFileType = text.plist.xml; path = Info.plist; sourceTree = "<group>"; };
		DE97BCA92054EE1000CFDB0D /* SkyWriterUITests.xctest */ = {isa = PBXFileReference; explicitFileType = wrapper.cfbundle; includeInIndex = 0; path = SkyWriterUITests.xctest; sourceTree = BUILT_PRODUCTS_DIR; };
		DE97BCAD2054EE1000CFDB0D /* SkyWriterUITests.swift */ = {isa = PBXFileReference; lastKnownFileType = sourcecode.swift; path = SkyWriterUITests.swift; sourceTree = "<group>"; };
		DE97BCAF2054EE1000CFDB0D /* Info.plist */ = {isa = PBXFileReference; lastKnownFileType = text.plist.xml; path = Info.plist; sourceTree = "<group>"; };
/* End PBXFileReference section */

/* Begin PBXFrameworksBuildPhase section */
		DE97BC872054EE1000CFDB0D /* Frameworks */ = {
			isa = PBXFrameworksBuildPhase;
			buildActionMask = 2147483647;
			files = (
			);
			runOnlyForDeploymentPostprocessing = 0;
		};
		DE97BC9B2054EE1000CFDB0D /* Frameworks */ = {
			isa = PBXFrameworksBuildPhase;
			buildActionMask = 2147483647;
			files = (
			);
			runOnlyForDeploymentPostprocessing = 0;
		};
		DE97BCA62054EE1000CFDB0D /* Frameworks */ = {
			isa = PBXFrameworksBuildPhase;
			buildActionMask = 2147483647;
			files = (
			);
			runOnlyForDeploymentPostprocessing = 0;
		};
/* End PBXFrameworksBuildPhase section */

/* Begin PBXGroup section */
		DE97BC812054EE1000CFDB0D = {
			isa = PBXGroup;
			children = (
				DE97BC8C2054EE1000CFDB0D /* SkyWriter */,
				DE97BCA12054EE1000CFDB0D /* SkyWriterTests */,
				DE97BCAC2054EE1000CFDB0D /* SkyWriterUITests */,
				DE97BC8B2054EE1000CFDB0D /* Products */,
			);
			sourceTree = "<group>";
		};
		DE97BC8B2054EE1000CFDB0D /* Products */ = {
			isa = PBXGroup;
			children = (
				DE97BC8A2054EE1000CFDB0D /* SkyWriter.app */,
				DE97BC9E2054EE1000CFDB0D /* SkyWriterTests.xctest */,
				DE97BCA92054EE1000CFDB0D /* SkyWriterUITests.xctest */,
			);
			name = Products;
			sourceTree = "<group>";
		};
		DE97BC8C2054EE1000CFDB0D /* SkyWriter */ = {
			isa = PBXGroup;
			children = (
				DE97BC8D2054EE1000CFDB0D /* AppDelegate.swift */,
				DE97BC8F2054EE1000CFDB0D /* ViewController.swift */,
				DE97BC912054EE1000CFDB0D /* Main.storyboard */,
				DE97BC942054EE1000CFDB0D /* Assets.xcassets */,
				DE97BC962054EE1000CFDB0D /* LaunchScreen.storyboard */,
				DE97BC992054EE1000CFDB0D /* Info.plist */,
			);
			path = SkyWriter;
			sourceTree = "<group>";
		};
		DE97BCA12054EE1000CFDB0D /* SkyWriterTests */ = {
			isa = PBXGroup;
			children = (
				DE97BCA22054EE1000CFDB0D /* SkyWriterTests.swift */,
				DE97BCA42054EE1000CFDB0D /* Info.plist */,
			);
			path = SkyWriterTests;
			sourceTree = "<group>";
		};
		DE97BCAC2054EE1000CFDB0D /* SkyWriterUITests */ = {
			isa = PBXGroup;
			children = (
				DE97BCAD2054EE1000CFDB0D /* SkyWriterUITests.swift */,
				DE97BCAF2054EE1000CFDB0D /* Info.plist */,
			);
			path = SkyWriterUITests;
			sourceTree = "<group>";
		};
/* End PBXGroup section */

/* Begin PBXNativeTarget section */
		DE97BC892054EE1000CFDB0D /* SkyWriter */ = {
			isa = PBXNativeTarget;
			buildConfigurationList = DE97BCB22054EE1000CFDB0D /* Build configuration list for PBXNativeTarget "SkyWriter" */;
			buildPhases = (
				DE97BC862054EE1000CFDB0D /* Sources */,
				DE97BC872054EE1000CFDB0D /* Frameworks */,
				DE97BC882054EE1000CFDB0D /* Resources */,
			);
			buildRules = (
			);
			dependencies = (
			);
			name = SkyWriter;
			productName = SkyWriter;
			productReference = DE97BC8A2054EE1000CFDB0D /* SkyWriter.app */;
			productType = "com.apple.product-type.application";
		};
		DE97BC9D2054EE1000CFDB0D /* SkyWriterTests */ = {
			isa = PBXNativeTarget;
			buildConfigurationList = DE97BCB52054EE1000CFDB0D /* Build configuration list for PBXNativeTarget "SkyWriterTests" */;
			buildPhases = (
				DE97BC9A2054EE1000CFDB0D /* Sources */,
				DE97BC9B2054EE1000CFDB0D /* Frameworks */,
				DE97BC9C2054EE1000CFDB0D /* Resources */,
			);
			buildRules = (
			);
			dependencies = (
				DE97BCA02054EE1000CFDB0D /* PBXTargetDependency */,
			);
			name = SkyWriterTests;
			productName = SkyWriterTests;
			productReference = DE97BC9E2054EE1000CFDB0D /* SkyWriterTests.xctest */;
			productType = "com.apple.product-type.bundle.unit-test";
		};
		DE97BCA82054EE1000CFDB0D /* SkyWriterUITests */ = {
			isa = PBXNativeTarget;
			buildConfigurationList = DE97BCB82054EE1000CFDB0D /* Build configuration list for PBXNativeTarget "SkyWriterUITests" */;
			buildPhases = (
				DE97BCA52054EE1000CFDB0D /* Sources */,
				DE97BCA62054EE1000CFDB0D /* Frameworks */,
				DE97BCA72054EE1000CFDB0D /* Resources */,
			);
			buildRules = (
			);
			dependencies = (
				DE97BCAB2054EE1000CFDB0D /* PBXTargetDependency */,
			);
			name = SkyWriterUITests;
			productName = SkyWriterUITests;
			productReference = DE97BCA92054EE1000CFDB0D /* SkyWriterUITests.xctest */;
			productType = "com.apple.product-type.bundle.ui-testing";
		};
/* End PBXNativeTarget section */

/* Begin PBXProject section */
		DE97BC822054EE1000CFDB0D /* Project object */ = {
			isa = PBXProject;
			attributes = {
				LastSwiftUpdateCheck = 0920;
				LastUpgradeCheck = 0920;
				ORGANIZATIONNAME = "Terry Wells";
				TargetAttributes = {
					DE97BC892054EE1000CFDB0D = {
						CreatedOnToolsVersion = 9.2;
						ProvisioningStyle = Automatic;
					};
					DE97BC9D2054EE1000CFDB0D = {
						CreatedOnToolsVersion = 9.2;
						ProvisioningStyle = Automatic;
						TestTargetID = DE97BC892054EE1000CFDB0D;
					};
					DE97BCA82054EE1000CFDB0D = {
						CreatedOnToolsVersion = 9.2;
						ProvisioningStyle = Automatic;
						TestTargetID = DE97BC892054EE1000CFDB0D;
					};
				};
			};
			buildConfigurationList = DE97BC852054EE1000CFDB0D /* Build configuration list for PBXProject "SkyWriter" */;
			compatibilityVersion = "Xcode 8.0";
			developmentRegion = en;
			hasScannedForEncodings = 0;
			knownRegions = (
				en,
				Base,
			);
			mainGroup = DE97BC812054EE1000CFDB0D;
			productRefGroup = DE97BC8B2054EE1000CFDB0D /* Products */;
			projectDirPath = "";
			projectRoot = "";
			targets = (
				DE97BC892054EE1000CFDB0D /* SkyWriter */,
				DE97BC9D2054EE1000CFDB0D /* SkyWriterTests */,
				DE97BCA82054EE1000CFDB0D /* SkyWriterUITests */,
			);
		};
/* End PBXProject section */

/* Begin PBXResourcesBuildPhase section */
		DE97BC882054EE1000CFDB0D /* Resources */ = {
			isa = PBXResourcesBuildPhase;
			buildActionMask = 2147483647;
			files = (
				DE97BC982054EE1000CFDB0D /* LaunchScreen.storyboard in Resources */,
				DE97BC952054EE1000CFDB0D /* Assets.xcassets in Resources */,
				DE97BC932054EE1000CFDB0D /* Main.storyboard in Resources */,
			);
			runOnlyForDeploymentPostprocessing = 0;
		};
		DE97BC9C2054EE1000CFDB0D /* Resources */ = {
			isa = PBXResourcesBuildPhase;
			buildActionMask = 2147483647;
			files = (
			);
			runOnlyForDeploymentPostprocessing = 0;
		};
		DE97BCA72054EE1000CFDB0D /* Resources */ = {
			isa = PBXResourcesBuildPhase;
			buildActionMask = 2147483647;
			files = (
			);
			runOnlyForDeploymentPostprocessing = 0;
		};
/* End PBXResourcesBuildPhase section */

/* Begin PBXSourcesBuildPhase section */
		DE97BC862054EE1000CFDB0D /* Sources */ = {
			isa = PBXSourcesBuildPhase;
			buildActionMask = 2147483647;
			files = (
				DE97BC902054EE1000CFDB0D /* ViewController.swift in Sources */,
				DE97BC8E2054EE1000CFDB0D /* AppDelegate.swift in Sources */,
			);
			runOnlyForDeploymentPostprocessing = 0;
		};
		DE97BC9A2054EE1000CFDB0D /* Sources */ = {
			isa = PBXSourcesBuildPhase;
			buildActionMask = 2147483647;
			files = (
				DE97BCA32054EE1000CFDB0D /* SkyWriterTests.swift in Sources */,
			);
			runOnlyForDeploymentPostprocessing = 0;
		};
		DE97BCA52054EE1000CFDB0D /* Sources */ = {
			isa = PBXSourcesBuildPhase;
			buildActionMask = 2147483647;
			files = (
				DE97BCAE2054EE1000CFDB0D /* SkyWriterUITests.swift in Sources */,
			);
			runOnlyForDeploymentPostprocessing = 0;
		};
/* End PBXSourcesBuildPhase section */

/* Begin PBXTargetDependency section */
		DE97BCA02054EE1000CFDB0D /* PBXTargetDependency */ = {
			isa = PBXTargetDependency;
			target = DE97BC892054EE1000CFDB0D /* SkyWriter */;
			targetProxy = DE97BC9F2054EE1000CFDB0D /* PBXContainerItemProxy */;
		};
		DE97BCAB2054EE1000CFDB0D /* PBXTargetDependency */ = {
			isa = PBXTargetDependency;
			target = DE97BC892054EE1000CFDB0D /* SkyWriter */;
			targetProxy = DE97BCAA2054EE1000CFDB0D /* PBXContainerItemProxy */;
		};
/* End PBXTargetDependency section */

/* Begin PBXVariantGroup section */
		DE97BC912054EE1000CFDB0D /* Main.storyboard */ = {
			isa = PBXVariantGroup;
			children = (
				DE97BC922054EE1000CFDB0D /* Base */,
			);
			name = Main.storyboard;
			sourceTree = "<group>";
		};
		DE97BC962054EE1000CFDB0D /* LaunchScreen.storyboard */ = {
			isa = PBXVariantGroup;
			children = (
				DE97BC972054EE1000CFDB0D /* Base */,
			);
			name = LaunchScreen.storyboard;
			sourceTree = "<group>";
		};
/* End PBXVariantGroup section */

/* Begin XCBuildConfiguration section */
		DE97BCB02054EE1000CFDB0D /* Debug */ = {
			isa = XCBuildConfiguration;
			buildSettings = {
				ALWAYS_SEARCH_USER_PATHS = NO;
				CLANG_ANALYZER_NONNULL = YES;
				CLANG_ANALYZER_NUMBER_OBJECT_CONVERSION = YES_AGGRESSIVE;
				CLANG_CXX_LANGUAGE_STANDARD = "gnu++14";
				CLANG_CXX_LIBRARY = "libc++";
				CLANG_ENABLE_MODULES = YES;
				CLANG_ENABLE_OBJC_ARC = YES;
				CLANG_WARN_BLOCK_CAPTURE_AUTORELEASING = YES;
				CLANG_WARN_BOOL_CONVERSION = YES;
				CLANG_WARN_COMMA = YES;
				CLANG_WARN_CONSTANT_CONVERSION = YES;
				CLANG_WARN_DIRECT_OBJC_ISA_USAGE = YES_ERROR;
				CLANG_WARN_DOCUMENTATION_COMMENTS = YES;
				CLANG_WARN_EMPTY_BODY = YES;
				CLANG_WARN_ENUM_CONVERSION = YES;
				CLANG_WARN_INFINITE_RECURSION = YES;
				CLANG_WARN_INT_CONVERSION = YES;
				CLANG_WARN_NON_LITERAL_NULL_CONVERSION = YES;
				CLANG_WARN_OBJC_LITERAL_CONVERSION = YES;
				CLANG_WARN_OBJC_ROOT_CLASS = YES_ERROR;
				CLANG_WARN_RANGE_LOOP_ANALYSIS = YES;
				CLANG_WARN_STRICT_PROTOTYPES = YES;
				CLANG_WARN_SUSPICIOUS_MOVE = YES;
				CLANG_WARN_UNGUARDED_AVAILABILITY = YES_AGGRESSIVE;
				CLANG_WARN_UNREACHABLE_CODE = YES;
				CLANG_WARN__DUPLICATE_METHOD_MATCH = YES;
				CODE_SIGN_IDENTITY = "iPhone Developer";
				COPY_PHASE_STRIP = NO;
				DEBUG_INFORMATION_FORMAT = dwarf;
				ENABLE_STRICT_OBJC_MSGSEND = YES;
				ENABLE_TESTABILITY = YES;
				GCC_C_LANGUAGE_STANDARD = gnu11;
				GCC_DYNAMIC_NO_PIC = NO;
				GCC_NO_COMMON_BLOCKS = YES;
				GCC_OPTIMIZATION_LEVEL = 0;
				GCC_PREPROCESSOR_DEFINITIONS = (
					"DEBUG=1",
					"$(inherited)",
				);
				GCC_WARN_64_TO_32_BIT_CONVERSION = YES;
				GCC_WARN_ABOUT_RETURN_TYPE = YES_ERROR;
				GCC_WARN_UNDECLARED_SELECTOR = YES;
				GCC_WARN_UNINITIALIZED_AUTOS = YES_AGGRESSIVE;
				GCC_WARN_UNUSED_FUNCTION = YES;
				GCC_WARN_UNUSED_VARIABLE = YES;
				IPHONEOS_DEPLOYMENT_TARGET = 11.2;
				MTL_ENABLE_DEBUG_INFO = YES;
				ONLY_ACTIVE_ARCH = YES;
				SDKROOT = iphoneos;
				SWIFT_ACTIVE_COMPILATION_CONDITIONS = DEBUG;
				SWIFT_OPTIMIZATION_LEVEL = "-Onone";
			};
			name = Debug;
		};
		DE97BCB12054EE1000CFDB0D /* Release */ = {
			isa = XCBuildConfiguration;
			buildSettings = {
				ALWAYS_SEARCH_USER_PATHS = NO;
				CLANG_ANALYZER_NONNULL = YES;
				CLANG_ANALYZER_NUMBER_OBJECT_CONVERSION = YES_AGGRESSIVE;
				CLANG_CXX_LANGUAGE_STANDARD = "gnu++14";
				CLANG_CXX_LIBRARY = "libc++";
				CLANG_ENABLE_MODULES = YES;
				CLANG_ENABLE_OBJC_ARC = YES;
				CLANG_WARN_BLOCK_CAPTURE_AUTORELEASING = YES;
				CLANG_WARN_BOOL_CONVERSION = YES;
				CLANG_WARN_COMMA = YES;
				CLANG_WARN_CONSTANT_CONVERSION = YES;
				CLANG_WARN_DIRECT_OBJC_ISA_USAGE = YES_ERROR;
				CLANG_WARN_DOCUMENTATION_COMMENTS = YES;
				CLANG_WARN_EMPTY_BODY = YES;
				CLANG_WARN_ENUM_CONVERSION = YES;
				CLANG_WARN_INFINITE_RECURSION = YES;
				CLANG_WARN_INT_CONVERSION = YES;
				CLANG_WARN_NON_LITERAL_NULL_CONVERSION = YES;
				CLANG_WARN_OBJC_LITERAL_CONVERSION = YES;
				CLANG_WARN_OBJC_ROOT_CLASS = YES_ERROR;
				CLANG_WARN_RANGE_LOOP_ANALYSIS = YES;
				CLANG_WARN_STRICT_PROTOTYPES = YES;
				CLANG_WARN_SUSPICIOUS_MOVE = YES;
				CLANG_WARN_UNGUARDED_AVAILABILITY = YES_AGGRESSIVE;
				CLANG_WARN_UNREACHABLE_CODE = YES;
				CLANG_WARN__DUPLICATE_METHOD_MATCH = YES;
				CODE_SIGN_IDENTITY = "iPhone Developer";
				COPY_PHASE_STRIP = NO;
				DEBUG_INFORMATION_FORMAT = "dwarf-with-dsym";
				ENABLE_NS_ASSERTIONS = NO;
				ENABLE_STRICT_OBJC_MSGSEND = YES;
				GCC_C_LANGUAGE_STANDARD = gnu11;
				GCC_NO_COMMON_BLOCKS = YES;
				GCC_WARN_64_TO_32_BIT_CONVERSION = YES;
				GCC_WARN_ABOUT_RETURN_TYPE = YES_ERROR;
				GCC_WARN_UNDECLARED_SELECTOR = YES;
				GCC_WARN_UNINITIALIZED_AUTOS = YES_AGGRESSIVE;
				GCC_WARN_UNUSED_FUNCTION = YES;
				GCC_WARN_UNUSED_VARIABLE = YES;
				IPHONEOS_DEPLOYMENT_TARGET = 11.2;
				MTL_ENABLE_DEBUG_INFO = NO;
				SDKROOT = iphoneos;
				SWIFT_OPTIMIZATION_LEVEL = "-Owholemodule";
				VALIDATE_PRODUCT = YES;
			};
			name = Release;
		};
		DE97BCB32054EE1000CFDB0D /* Debug */ = {
			isa = XCBuildConfiguration;
			buildSettings = {
				ASSETCATALOG_COMPILER_APPICON_NAME = AppIcon;
				CODE_SIGN_STYLE = Automatic;
				INFOPLIST_FILE = SkyWriter/Info.plist;
				LD_RUNPATH_SEARCH_PATHS = "$(inherited) @executable_path/Frameworks";
				PRODUCT_BUNDLE_IDENTIFIER = com.terbos.SkyWriter;
				PRODUCT_NAME = "$(TARGET_NAME)";
				SWIFT_VERSION = 4.0;
				TARGETED_DEVICE_FAMILY = "1,2";
			};
			name = Debug;
		};
		DE97BCB42054EE1000CFDB0D /* Release */ = {
			isa = XCBuildConfiguration;
			buildSettings = {
				ASSETCATALOG_COMPILER_APPICON_NAME = AppIcon;
				CODE_SIGN_STYLE = Automatic;
				INFOPLIST_FILE = SkyWriter/Info.plist;
				LD_RUNPATH_SEARCH_PATHS = "$(inherited) @executable_path/Frameworks";
				PRODUCT_BUNDLE_IDENTIFIER = com.terbos.SkyWriter;
				PRODUCT_NAME = "$(TARGET_NAME)";
				SWIFT_VERSION = 4.0;
				TARGETED_DEVICE_FAMILY = "1,2";
			};
			name = Release;
		};
		DE97BCB62054EE1000CFDB0D /* Debug */ = {
			isa = XCBuildConfiguration;
			buildSettings = {
				ALWAYS_EMBED_SWIFT_STANDARD_LIBRARIES = YES;
				BUNDLE_LOADER = "$(TEST_HOST)";
				CODE_SIGN_STYLE = Automatic;
				INFOPLIST_FILE = SkyWriterTests/Info.plist;
				LD_RUNPATH_SEARCH_PATHS = "$(inherited) @executable_path/Frameworks @loader_path/Frameworks";
				PRODUCT_BUNDLE_IDENTIFIER = com.terbos.SkyWriterTests;
				PRODUCT_NAME = "$(TARGET_NAME)";
				SWIFT_VERSION = 4.0;
				TARGETED_DEVICE_FAMILY = "1,2";
				TEST_HOST = "$(BUILT_PRODUCTS_DIR)/SkyWriter.app/SkyWriter";
			};
			name = Debug;
		};
		DE97BCB72054EE1000CFDB0D /* Release */ = {
			isa = XCBuildConfiguration;
			buildSettings = {
				ALWAYS_EMBED_SWIFT_STANDARD_LIBRARIES = YES;
				BUNDLE_LOADER = "$(TEST_HOST)";
				CODE_SIGN_STYLE = Automatic;
				INFOPLIST_FILE = SkyWriterTests/Info.plist;
				LD_RUNPATH_SEARCH_PATHS = "$(inherited) @executable_path/Frameworks @loader_path/Frameworks";
				PRODUCT_BUNDLE_IDENTIFIER = com.terbos.SkyWriterTests;
				PRODUCT_NAME = "$(TARGET_NAME)";
				SWIFT_VERSION = 4.0;
				TARGETED_DEVICE_FAMILY = "1,2";
				TEST_HOST = "$(BUILT_PRODUCTS_DIR)/SkyWriter.app/SkyWriter";
			};
			name = Release;
		};
		DE97BCB92054EE1000CFDB0D /* Debug */ = {
			isa = XCBuildConfiguration;
			buildSettings = {
				ALWAYS_EMBED_SWIFT_STANDARD_LIBRARIES = YES;
				CODE_SIGN_STYLE = Automatic;
				INFOPLIST_FILE = SkyWriterUITests/Info.plist;
				LD_RUNPATH_SEARCH_PATHS = "$(inherited) @executable_path/Frameworks @loader_path/Frameworks";
				PRODUCT_BUNDLE_IDENTIFIER = com.terbos.SkyWriterUITests;
				PRODUCT_NAME = "$(TARGET_NAME)";
				SWIFT_VERSION = 4.0;
				TARGETED_DEVICE_FAMILY = "1,2";
				TEST_TARGET_NAME = SkyWriter;
			};
			name = Debug;
		};
		DE97BCBA2054EE1000CFDB0D /* Release */ = {
			isa = XCBuildConfiguration;
			buildSettings = {
				ALWAYS_EMBED_SWIFT_STANDARD_LIBRARIES = YES;
				CODE_SIGN_STYLE = Automatic;
				INFOPLIST_FILE = SkyWriterUITests/Info.plist;
				LD_RUNPATH_SEARCH_PATHS = "$(inherited) @executable_path/Frameworks @loader_path/Frameworks";
				PRODUCT_BUNDLE_IDENTIFIER = com.terbos.SkyWriterUITests;
				PRODUCT_NAME = "$(TARGET_NAME)";
				SWIFT_VERSION = 4.0;
				TARGETED_DEVICE_FAMILY = "1,2";
				TEST_TARGET_NAME = SkyWriter;
			};
			name = Release;
		};
/* End XCBuildConfiguration section */

/* Begin XCConfigurationList section */
		DE97BC852054EE1000CFDB0D /* Build configuration list for PBXProject "SkyWriter" */ = {
			isa = XCConfigurationList;
			buildConfigurations = (
				DE97BCB02054EE1000CFDB0D /* Debug */,
				DE97BCB12054EE1000CFDB0D /* Release */,
			);
			defaultConfigurationIsVisible = 0;
			defaultConfigurationName = Release;
		};
		DE97BCB22054EE1000CFDB0D /* Build configuration list for PBXNativeTarget "SkyWriter" */ = {
			isa = XCConfigurationList;
			buildConfigurations = (
				DE97BCB32054EE1000CFDB0D /* Debug */,
				DE97BCB42054EE1000CFDB0D /* Release */,
			);
			defaultConfigurationIsVisible = 0;
			defaultConfigurationName = Release;
		};
		DE97BCB52054EE1000CFDB0D /* Build configuration list for PBXNativeTarget "SkyWriterTests" */ = {
			isa = XCConfigurationList;
			buildConfigurations = (
				DE97BCB62054EE1000CFDB0D /* Debug */,
				DE97BCB72054EE1000CFDB0D /* Release */,
			);
			defaultConfigurationIsVisible = 0;
			defaultConfigurationName = Release;
		};
		DE97BCB82054EE1000CFDB0D /* Build configuration list for PBXNativeTarget "SkyWriterUITests" */ = {
			isa = XCConfigurationList;
			buildConfigurations = (
				DE97BCB92054EE1000CFDB0D /* Debug */,
				DE97BCBA2054EE1000CFDB0D /* Release */,
			);
			defaultConfigurationIsVisible = 0;
			defaultConfigurationName = Release;
		};
/* End XCConfigurationList section */
	};
	rootObject = DE97BC822054EE1000CFDB0D /* Project object */;
}
